<?xml version="1.0" encoding="utf-8"?>
<Project ToolsVersion="4.0" xmlns="http://schemas.microsoft.com/developer/msbuild/2003">
  <ItemGroup>
    <Filter Include="Source Files">
      <UniqueIdentifier>{4FC737F1-C7A5-4376-A066-2A32D752A2FF}</UniqueIdentifier>
      <Extensions>cpp;c;cc;cxx;c++;cppm;ixx;def;odl;idl;hpj;bat;asm;asmx</Extensions>
    </Filter>
    <Filter Include="Resource Files">
      <UniqueIdentifier>{67DA6AB6-F800-4c08-8B7A-83BB121AAD01}</UniqueIdentifier>
      <Extensions>rc;ico;cur;bmp;dlg;rc2;rct;bin;rgs;gif;jpg;jpeg;jpe;resx;tiff;tif;png;wav;mfcribbon-ms</Extensions>
    </Filter>
  </ItemGroup>
  <ItemGroup>
    <ClInclude Include="..\..\7z.h">
      <Filter>Source Files</Filter>
    </ClInclude>
    <ClInclude Include="..\..\7zAlloc.h">
      <Filter>Source Files</Filter>
    </ClInclude>
    <ClInclude Include="..\..\7zBuf.h">
      <Filter>Source Files</Filter>
    </ClInclude>
    <ClInclude Include="..\..\7zCrc.h">
      <Filter>Source Files</Filter>
    </ClInclude>
    <ClInclude Include="..\..\7zFile.h">
      <Filter>Source Files</Filter>
    </ClInclude>
    <ClInclude Include="..\..\7zTypes.h">
      <Filter>Source Files</Filter>
    </ClInclude>
    <ClInclude Include="..\..\7zVersion.h">
      <Filter>Source Files</Filter>
    </ClInclude>
    <ClInclude Include="..\..\Aes.h">
      <Filter>Source Files</Filter>
    </ClInclude>
    <ClInclude Include="..\..\Alloc.h">
      <Filter>Source Files</Filter>
    </ClInclude>
    <ClInclude Include="..\..\Bcj2.h">
      <Filter>Source Files</Filter>
    </ClInclude>
    <ClInclude Include="..\..\Bra.h">
      <Filter>Source Files</Filter>
    </ClInclude>
    <ClInclude Include="..\..\Compiler.h">
      <Filter>Source Files</Filter>
    </ClInclude>
    <ClInclude Include="..\..\CpuArch.h">
      <Filter>Source Files</Filter>
    </ClInclude>
    <ClInclude Include="..\..\Delta.h">
      <Filter>Source Files</Filter>
    </ClInclude>
    <ClInclude Include="..\..\DllSecur.h">
      <Filter>Source Files</Filter>
    </ClInclude>
    <ClInclude Include="..\..\framework.h">
      <Filter>Source Files</Filter>
    </ClInclude>
    <ClInclude Include="..\..\LzFind.h">
      <Filter>Source Files</Filter>
    </ClInclude>
    <ClInclude Include="..\..\LzFindMt.h">
      <Filter>Source Files</Filter>
    </ClInclude>
    <ClInclude Include="..\..\LzHash.h">
      <Filter>Source Files</Filter>
    </ClInclude>
    <ClInclude Include="..\..\Lzma2Dec.h">
      <Filter>Source Files</Filter>
    </ClInclude>
    <ClInclude Include="..\..\Lzma2DecMt.h">
      <Filter>Source Files</Filter>
    </ClInclude>
    <ClInclude Include="..\..\Lzma2Enc.h">
      <Filter>Source Files</Filter>
    </ClInclude>
    <ClInclude Include="..\..\Lzma86.h">
      <Filter>Source Files</Filter>
    </ClInclude>
    <ClInclude Include="..\..\LzmaDec.h">
      <Filter>Source Files</Filter>
    </ClInclude>
    <ClInclude Include="..\..\LzmaEnc.h">
      <Filter>Source Files</Filter>
    </ClInclude>
    <ClInclude Include="..\..\LzmaLib.h">
      <Filter>Source Files</Filter>
    </ClInclude>
    <ClInclude Include="..\..\MtCoder.h">
      <Filter>Source Files</Filter>
    </ClInclude>
    <ClInclude Include="..\..\MtDec.h">
      <Filter>Source Files</Filter>
    </ClInclude>
    <ClInclude Include="..\..\pch.h">
      <Filter>Source Files</Filter>
    </ClInclude>
    <ClInclude Include="..\..\Ppmd.h">
      <Filter>Source Files</Filter>
    </ClInclude>
    <ClInclude Include="..\..\Ppmd7.h">
      <Filter>Source Files</Filter>
    </ClInclude>
    <ClInclude Include="..\..\Precomp.h">
      <Filter>Source Files</Filter>
    </ClInclude>
    <ClInclude Include="..\..\RotateDefs.h">
      <Filter>Source Files</Filter>
    </ClInclude>
    <ClInclude Include="..\..\Sha256.h">
      <Filter>Source Files</Filter>
    </ClInclude>
    <ClInclude Include="..\..\Sort.h">
      <Filter>Source Files</Filter>
    </ClInclude>
    <ClInclude Include="..\..\Threads.h">
      <Filter>Source Files</Filter>
    </ClInclude>
    <ClInclude Include="..\..\Xz.h">
      <Filter>Source Files</Filter>
    </ClInclude>
    <ClInclude Include="..\..\XzCrc64.h">
      <Filter>Source Files</Filter>
    </ClInclude>
    <ClInclude Include="..\..\XzEnc.h">
      <Filter>Source Files</Filter>
    </ClInclude>
  </ItemGroup>
  <ItemGroup>
    <ClCompile Include="StaticLib1.cpp">
      <Filter>Source Files</Filter>
    </ClCompile>
    <ClCompile Include="pch.cpp">
      <Filter>Source Files</Filter>
    </ClCompile>
    <ClCompile Include="..\..\7zAlloc.c">
      <Filter>Source Files</Filter>
    </ClCompile>
    <ClCompile Include="..\..\7zArcIn.c">
      <Filter>Source Files</Filter>
    </ClCompile>
    <ClCompile Include="..\..\7zBuf.c">
      <Filter>Source Files</Filter>
    </ClCompile>
    <ClCompile Include="..\..\7zBuf2.c">
      <Filter>Source Files</Filter>
    </ClCompile>
    <ClCompile Include="..\..\7zCrc.c">
      <Filter>Source Files</Filter>
    </ClCompile>
    <ClCompile Include="..\..\7zCrcOpt.c">
      <Filter>Source Files</Filter>
    </ClCompile>
    <ClCompile Include="..\..\7zDec.c">
      <Filter>Source Files</Filter>
    </ClCompile>
    <ClCompile Include="..\..\7zFile.c">
      <Filter>Source Files</Filter>
    </ClCompile>
    <ClCompile Include="..\..\7zStream.c">
      <Filter>Source Files</Filter>
    </ClCompile>
    <ClCompile Include="..\..\Aes.c">
      <Filter>Source Files</Filter>
    </ClCompile>
    <ClCompile Include="..\..\AesOpt.c">
      <Filter>Source Files</Filter>
    </ClCompile>
    <ClCompile Include="..\..\Alloc.c">
      <Filter>Source Files</Filter>
    </ClCompile>
    <ClCompile Include="..\..\Bcj2.c">
      <Filter>Source Files</Filter>
    </ClCompile>
    <ClCompile Include="..\..\Bcj2Enc.c">
      <Filter>Source Files</Filter>
    </ClCompile>
    <ClCompile Include="..\..\Bra.c">
      <Filter>Source Files</Filter>
    </ClCompile>
    <ClCompile Include="..\..\Bra86.c">
      <Filter>Source Files</Filter>
    </ClCompile>
    <ClCompile Include="..\..\BraIA64.c">
      <Filter>Source Files</Filter>
    </ClCompile>
    <ClCompile Include="..\..\CpuArch.c">
      <Filter>Source Files</Filter>
    </ClCompile>
    <ClCompile Include="..\..\Delta.c">
      <Filter>Source Files</Filter>
    </ClCompile>
    <ClCompile Include="..\..\DllSecur.c">
      <Filter>Source Files</Filter>
    </ClCompile>
    <ClCompile Include="..\..\LzFind.c">
      <Filter>Source Files</Filter>
    </ClCompile>
    <ClCompile Include="..\..\LzFindMt.c">
      <Filter>Source Files</Filter>
    </ClCompile>
    <ClCompile Include="..\..\Lzma2Dec.c">
      <Filter>Source Files</Filter>
    </ClCompile>
    <ClCompile Include="..\..\Lzma2DecMt.c">
      <Filter>Source Files</Filter>
    </ClCompile>
    <ClCompile Include="..\..\Lzma2Enc.c">
      <Filter>Source Files</Filter>
    </ClCompile>
    <ClCompile Include="..\..\Lzma86Dec.c">
      <Filter>Source Files</Filter>
    </ClCompile>
    <ClCompile Include="..\..\Lzma86Enc.c">
      <Filter>Source Files</Filter>
    </ClCompile>
    <ClCompile Include="..\..\LzmaDec.c">
      <Filter>Source Files</Filter>
    </ClCompile>
    <ClCompile Include="..\..\LzmaEnc.c">
      <Filter>Source Files</Filter>
    </ClCompile>
    <ClCompile Include="..\..\LzmaLib.c">
      <Filter>Source Files</Filter>
    </ClCompile>
    <ClCompile Include="..\..\MtCoder.c">
      <Filter>Source Files</Filter>
    </ClCompile>
    <ClCompile Include="..\..\MtDec.c">
      <Filter>Source Files</Filter>
    </ClCompile>
    <ClCompile Include="..\..\pch.cpp">
      <Filter>Source Files</Filter>
    </ClCompile>
    <ClCompile Include="..\..\Ppmd7.c">
      <Filter>Source Files</Filter>
    </ClCompile>
    <ClCompile Include="..\..\Ppmd7Dec.c">
      <Filter>Source Files</Filter>
    </ClCompile>
    <ClCompile Include="..\..\Ppmd7Enc.c">
      <Filter>Source Files</Filter>
    </ClCompile>
    <ClCompile Include="..\..\Sha256.c">
      <Filter>Source Files</Filter>
    </ClCompile>
    <ClCompile Include="..\..\Sort.c">
      <Filter>Source Files</Filter>
    </ClCompile>
    <ClCompile Include="..\..\Threads.c">
      <Filter>Source Files</Filter>
    </ClCompile>
    <ClCompile Include="..\..\Xz.c">
      <Filter>Source Files</Filter>
    </ClCompile>
    <ClCompile Include="..\..\XzCrc64.c">
      <Filter>Source Files</Filter>
    </ClCompile>
    <ClCompile Include="..\..\XzCrc64Opt.c">
      <Filter>Source Files</Filter>
    </ClCompile>
    <ClCompile Include="..\..\XzDec.c">
      <Filter>Source Files</Filter>
    </ClCompile>
    <ClCompile Include="..\..\XzEnc.c">
      <Filter>Source Files</Filter>
    </ClCompile>
    <ClCompile Include="..\..\XzIn.c">
      <Filter>Source Files</Filter>
    </ClCompile>
  </ItemGroup>
  <ItemGroup>
    <None Include="..\..\7z.sln">
      <Filter>Source Files</Filter>
    </None>
    <None Include="..\..\7z.vcxproj">
      <Filter>Source Files</Filter>
    </None>
    <None Include="..\..\7z.vcxproj.filters">
      <Filter>Source Files</Filter>
    </None>
    <None Include="ClassDiagram.cd" />
  </ItemGroup>
  <ItemGroup>
    <ResourceCompile Include="..\..\7zVersion.rc">
      <Filter>Source Files</Filter>
    </ResourceCompile>
  </ItemGroup>
</Project>